# THIS IS AN AUTOGENERATED FILE. DO NOT EDIT THIS FILE DIRECTLY.
# yarn lockfile v1


"@rauschma/stringio@^1.4.0":
  version "1.4.0"
  resolved "https://registry.yarnpkg.com/@rauschma/stringio/-/stringio-1.4.0.tgz#0b667bea726652a10a48dfc1dadc89e0ec51e269"
  integrity sha512-3uor2f/MXZkmX5RJf8r+OC3WvZVzpSme0yyL0rQDPEnatE02qRcqwEwnsgpgriEck0S/n4vWtUd6tTtrJwk45Q==
  dependencies:
    "@types/node" "^10.0.3"

"@types/node@^10.0.3":
  version "10.17.60"
  resolved "https://registry.yarnpkg.com/@types/node/-/node-10.17.60.tgz#35f3d6213daed95da7f0f73e75bcc6980e90597b"
  integrity sha512-F0KIgDJfy2nA3zMLmWGKxcH2ZVEtCZXHHdOQs2gSaQ27+lNeEfGxzkIw90aXswATX7AZ33tahPbzy6KAfUreVw==

"@types/node@^14.14.0":
  version "14.14.45"
  resolved "https://registry.yarnpkg.com/@types/node/-/node-14.14.45.tgz#ec2dfb5566ff814d061aef7e141575aedba245cf"
  integrity sha512-DssMqTV9UnnoxDWu959sDLZzfvqCF0qDNRjaWeYSui9xkFe61kKo4l1TWNTQONpuXEm+gLMRvdlzvNHBamzmEw==

"@types/node@^15.0.3":
  version "15.0.3"
  resolved "https://registry.yarnpkg.com/@types/node/-/node-15.0.3.tgz#ee09fcaac513576474c327da5818d421b98db88a"
  integrity sha512-/WbxFeBU+0F79z9RdEOXH4CsDga+ibi5M8uEYr91u3CkT/pdWcV8MCook+4wDPnZBexRdwWS+PiVZ2xJviAzcQ==

antlr4-c3@^1.1.16:
  version "1.1.16"
  resolved "https://registry.yarnpkg.com/antlr4-c3/-/antlr4-c3-1.1.16.tgz#5331ce33016f5643e225d660b8884b69c7fbbc49"
  integrity sha512-3CZQ54JPyo6lkZYDOXaKUsy5KNFucveocvRy+03R7zJQbYOUr4Z6lFeBWzkxJXLitc7yQYe7OHbB6snyp7IJvQ==
  dependencies:
    antlr4ts "^0.5.0-alpha.3"

antlr4ts-cli@^0.5.0-alpha.4:
  version "0.5.0-alpha.4"
  resolved "https://registry.yarnpkg.com/antlr4ts-cli/-/antlr4ts-cli-0.5.0-alpha.4.tgz#f3bfc37f10131e78d7b981c397a2aaa0450b67f6"
  integrity sha512-lVPVBTA2CVHRYILSKilL6Jd4hAumhSZZWA7UbQNQrmaSSj7dPmmYaN4bOmZG79cOy0lS00i4LY68JZZjZMWVrw==

antlr4ts@^0.5.0-alpha.3, antlr4ts@^0.5.0-alpha.4:
  version "0.5.0-alpha.4"
  resolved "https://registry.yarnpkg.com/antlr4ts/-/antlr4ts-0.5.0-alpha.4.tgz#71702865a87478ed0b40c0709f422cf14d51652a"
  integrity sha512-WPQDt1B74OfPv/IMS2ekXAKkTZIHl88uMetg6q3OTqgFxZ/dxDXI0EWLyZid/1Pe6hTftyg5N7gel5wNAGxXyQ==

node-ts@^5.1.1:
  version "5.1.1"
  resolved "https://registry.yarnpkg.com/node-ts/-/node-ts-5.1.1.tgz#c884d9ebc4199c22bdc4f14cdea7068c35e70bde"
  integrity sha512-summDCKhk7qaMlhe50vSzdhLqTowv4xCD+jEkPToYQD0fU1jshfC61hj5oPE7PZmYG1Af+HsVu8Vhr/jhFVENA==
  dependencies:
    "@rauschma/stringio" "^1.4.0"
    "@types/node" "^14.14.0"

typescript@^4.2.4:
  version "4.2.4"
  resolved "https://registry.yarnpkg.com/typescript/-/typescript-4.2.4.tgz#8610b59747de028fda898a8aef0e103f156d0961"
  integrity sha512-V+evlYHZnQkaz8TRBuxTA92yZBPotr5H+WhQ7bD3hZUndx5tGOa1fuCgeSjxAzM1RiN5IzvadIXTVefuuwZCRg==
